
Microsoft Visual Studio Solution File, Format Version 12.00
# Visual Studio Version 16
VisualStudioVersion = 16.0.29609.76
MinimumVisualStudioVersion = 10.0.40219.1
Project("{8BC9CEB8-8B4A-11D0-8D11-00A0C91BC942}") = "Temp.Invoice.SDK.C++", "Temp.Invoice.SDK.C++\Temp.Invoice.SDK.C++.vcxproj", "{C84644E6-D25D-4DFA-8037-5201808606C9}"
EndProject
Project("{8BC9CEB8-8B4A-11D0-8D11-00A0C91BC942}") = "ExampleProject", "ExampleProject\ExampleProject.vcxproj", "{D36CEC67-C2A9-48C1-B747-C7C7DDCEF0B4}"
EndProject
Project("{8BC9CEB8-8B4A-11D0-8D11-00A0C91BC942}") = "StaticLib1", "StaticLib1\StaticLib1.vcxproj", "{49D705B6-2BD3-4F23-A23F-53027B159345}"
EndProject
Global
	GlobalSection(SolutionConfigurationPlatforms) = preSolution
		Debug|x64 = Debug|x64
		Debug|x86 = Debug|x86
		Release|x64 = Release|x64
		Release|x86 = Release|x86
	EndGlobalSection
	GlobalSection(ProjectConfigurationPlatforms) = postSolution
		{C84644E6-D25D-4DFA-8037-5201808606C9}.Debug|x64.ActiveCfg = Debug|x64
		{C84644E6-D25D-4DFA-8037-5201808606C9}.Debug|x64.Build.0 = Debug|x64
		{C84644E6-D25D-4DFA-8037-5201808606C9}.Debug|x86.ActiveCfg = Debug|Win32
		{C84644E6-D25D-4DFA-8037-5201808606C9}.Debug|x86.Build.0 = Debug|Win32
		{C84644E6-D25D-4DFA-8037-5201808606C9}.Release|x64.ActiveCfg = Release|x64
		{C84644E6-D25D-4DFA-8037-5201808606C9}.Release|x64.Build.0 = Release|x64
		{C84644E6-D25D-4DFA-8037-5201808606C9}.Release|x86.ActiveCfg = Release|Win32
		{C84644E6-D25D-4DFA-8037-5201808606C9}.Release|x86.Build.0 = Release|Win32
		{D36CEC67-C2A9-48C1-B747-C7C7DDCEF0B4}.Debug|x64.ActiveCfg = Debug|x64
		{D36CEC67-C2A9-48C1-B747-C7C7DDCEF0B4}.Debug|x64.Build.0 = Debug|x64
		{D36CEC67-C2A9-48C1-B747-C7C7DDCEF0B4}.Debug|x86.ActiveCfg = Debug|Win32
		{D36CEC67-C2A9-48C1-B747-C7C7DDCEF0B4}.Debug|x86.Build.0 = Debug|Win32
		{D36CEC67-C2A9-48C1-B747-C7C7DDCEF0B4}.Release|x64.ActiveCfg = Release|x64
		{D36CEC67-C2A9-48C1-B747-C7C7DDCEF0B4}.Release|x64.Build.0 = Release|x64
		{D36CEC67-C2A9-48C1-B747-C7C7DDCEF0B4}.Release|x86.ActiveCfg = Release|Win32
		{D36CEC67-C2A9-48C1-B747-C7C7DDCEF0B4}.Release|x86.Build.0 = Release|Win32
		{49D705B6-2BD3-4F23-A23F-53027B159345}.Debug|x64.ActiveCfg = Debug|x64
		{49D705B6-2BD3-4F23-A23F-53027B159345}.Debug|x64.Build.0 = Debug|x64
		{49D705B6-2BD3-4F23-A23F-53027B159345}.Debug|x86.ActiveCfg = Debug|Win32
		{49D705B6-2BD3-4F23-A23F-53027B159345}.Debug|x86.Build.0 = Debug|Win32
		{49D705B6-2BD3-4F23-A23F-53027B159345}.Release|x64.ActiveCfg = Release|x64
		{49D705B6-2BD3-4F23-A23F-53027B159345}.Release|x64.Build.0 = Release|x64
		{49D705B6-2BD3-4F23-A23F-53027B159345}.Release|x86.ActiveCfg = Release|Win32
		{49D705B6-2BD3-4F23-A23F-53027B159345}.Release|x86.Build.0 = Release|Win32
	EndGlobalSection
	GlobalSection(SolutionProperties) = preSolution
		HideSolutionNode = FALSE
	EndGlobalSection
	GlobalSection(ExtensibilityGlobals) = postSolution
		SolutionGuid = {570F5A93-8E4D-4C68-AFCF-D219865EB5DF}
	EndGlobalSection
EndGlobal
