<?xml version="1.0" encoding="utf-8"?>
<Project ToolsVersion="4.0" xmlns="http://schemas.microsoft.com/developer/msbuild/2003">
  <ItemGroup>
    <Filter Include="Source Files">
      <UniqueIdentifier>{4FC737F1-C7A5-4376-A066-2A32D752A2FF}</UniqueIdentifier>
      <Extensions>cpp;c;cc;cxx;def;odl;idl;hpj;bat;asm;asmx</Extensions>
    </Filter>
    <Filter Include="Header Files">
      <UniqueIdentifier>{93995380-89BD-4b04-88EB-625FBE52EBFB}</UniqueIdentifier>
      <Extensions>h;hh;hpp;hxx;hm;inl;inc;xsd</Extensions>
    </Filter>
    <Filter Include="Resource Files">
      <UniqueIdentifier>{67DA6AB6-F800-4c08-8B7A-83BB121AAD01}</UniqueIdentifier>
      <Extensions>rc;ico;cur;bmp;dlg;rc2;rct;bin;rgs;gif;jpg;jpeg;jpe;resx;tiff;tif;png;wav;mfcribbon-ms</Extensions>
    </Filter>
    <Filter Include="Header Files\Rest">
      <UniqueIdentifier>{ab5fdc59-a950-4d49-8c72-2343b72c6830}</UniqueIdentifier>
    </Filter>
  </ItemGroup>
  <ItemGroup>
    <ClInclude Include="Common.h">
      <Filter>Header Files\Rest</Filter>
    </ClInclude>
    <ClInclude Include="ClosePaymentParams.h">
      <Filter>Header Files\Rest</Filter>
    </ClInclude>
    <ClInclude Include="CreatePaymentParams.h">
      <Filter>Header Files\Rest</Filter>
    </ClInclude>
    <ClInclude Include="CreateRefundParams.h">
      <Filter>Header Files\Rest</Filter>
    </ClInclude>
    <ClInclude Include="CreateTerminalParams.h">
      <Filter>Header Files\Rest</Filter>
    </ClInclude>
    <ClInclude Include="GetPaymentParams.h">
      <Filter>Header Files\Rest</Filter>
    </ClInclude>
    <ClInclude Include="GetRefundParams.h">
      <Filter>Header Files\Rest</Filter>
    </ClInclude>
    <ClInclude Include="GetTerminalParams.h">
      <Filter>Header Files\Rest</Filter>
    </ClInclude>
    <ClInclude Include="NotificationInfo.h">
      <Filter>Header Files\Rest</Filter>
    </ClInclude>
    <ClInclude Include="PaymentInfo.h">
      <Filter>Header Files\Rest</Filter>
    </ClInclude>
    <ClInclude Include="RefundInfo.h">
      <Filter>Header Files\Rest</Filter>
    </ClInclude>
    <ClInclude Include="TerminalInfo.h">
      <Filter>Header Files\Rest</Filter>
    </ClInclude>
    <ClInclude Include="RestClient.h">
      <Filter>Header Files\Rest</Filter>
    </ClInclude>
    <ClInclude Include="GetPaymentByOrderParams.h">
      <Filter>Header Files\Rest</Filter>
    </ClInclude>
  </ItemGroup>
  <ItemGroup>
    <ClCompile Include="RestClient.cpp">
      <Filter>Source Files</Filter>
    </ClCompile>
    <ClCompile Include="JsonIO.cpp">
      <Filter>Source Files</Filter>
    </ClCompile>
  </ItemGroup>
</Project>